Microsoft Visual Studio Solution File, Format Version 12.00
# Visual Studio Version 17
VisualStudioVersion = 17.5.2.0
MinimumVisualStudioVersion = 10.0.40219.1
Project("{FAE04EC0-301F-11D3-BF4B-00C04F79EFBC}") = "pokemon-tcg-app.Tests", "pokemon-tcg-app.Tests\pokemon-tcg-app.Tests.csproj", "{88CF4AEA-0ED2-4949-92F2-F790FE1EEF69}"
EndProject
Project("{FAE04EC0-301F-11D3-BF4B-00C04F79EFBC}") = "pokemon-tcg-app", "pokemon-tcg-app\pokemon-tcg-app.csproj", "{31905E5F-93AA-44C0-9144-FA000AEB32C7}"
EndProject
Global
	GlobalSection(SolutionConfigurationPlatforms) = preSolution
		Debug|Any CPU = Debug|Any CPU
		Release|Any CPU = Release|Any CPU
	EndGlobalSection
	GlobalSection(ProjectConfigurationPlatforms) = postSolution
		{88CF4AEA-0ED2-4949-92F2-F790FE1EEF69}.Debug|Any CPU.ActiveCfg = Debug|Any CPU
		{88CF4AEA-0ED2-4949-92F2-F790FE1EEF69}.Debug|Any CPU.Build.0 = Debug|Any CPU
		{88CF4AEA-0ED2-4949-92F2-F790FE1EEF69}.Release|Any CPU.ActiveCfg = Release|Any CPU
		{88CF4AEA-0ED2-4949-92F2-F790FE1EEF69}.Release|Any CPU.Build.0 = Release|Any CPU
		{31905E5F-93AA-44C0-9144-FA000AEB32C7}.Debug|Any CPU.ActiveCfg = Debug|Any CPU
		{31905E5F-93AA-44C0-9144-FA000AEB32C7}.Debug|Any CPU.Build.0 = Debug|Any CPU
		{31905E5F-93AA-44C0-9144-FA000AEB32C7}.Release|Any CPU.ActiveCfg = Release|Any CPU
		{31905E5F-93AA-44C0-9144-FA000AEB32C7}.Release|Any CPU.Build.0 = Release|Any CPU
	EndGlobalSection
	GlobalSection(SolutionProperties) = preSolution
		HideSolutionNode = FALSE
	EndGlobalSection
	GlobalSection(ExtensibilityGlobals) = postSolution
		SolutionGuid = {75834A86-21D5-4E46-84E2-C28026EF6E34}
	EndGlobalSection
EndGlobal
